<?xml version="1.0" encoding="utf-8"?>
<Project ToolsVersion="4.0" xmlns="http://schemas.microsoft.com/developer/msbuild/2003">
  <ItemGroup>
    <Filter Include="Source Files">
      <UniqueIdentifier>{4FC737F1-C7A5-4376-A066-2A32D752A2FF}</UniqueIdentifier>
      <Extensions>cpp;c;cc;cxx;def;odl;idl;hpj;bat;asm;asmx</Extensions>
    </Filter>
    <Filter Include="Header Files">
      <UniqueIdentifier>{93995380-89BD-4b04-88EB-625FBE52EBFB}</UniqueIdentifier>
      <Extensions>h;hpp;hxx;hm;inl;inc;xsd</Extensions>
    </Filter>
    <Filter Include="Resource Files">
      <UniqueIdentifier>{67DA6AB6-F800-4c08-8B7A-83BB121AAD01}</UniqueIdentifier>
      <Extensions>rc;ico;cur;bmp;dlg;rc2;rct;bin;rgs;gif;jpg;jpeg;jpe;resx;tiff;tif;png;wav;mfcribbon-ms</Extensions>
    </Filter>
  </ItemGroup>
  <ItemGroup>
    <ClCompile Include="..\src\fake86\adlib.c">
      <Filter>Source Files</Filter>
    </ClCompile>
    <ClCompile Include="..\src\fake86\video.c">
      <Filter>Source Files</Filter>
    </ClCompile>
    <ClCompile Include="..\src\fake86\ata.c">
      <Filter>Source Files</Filter>
    </ClCompile>
    <ClCompile Include="..\src\fake86\audio.c">
      <Filter>Source Files</Filter>
    </ClCompile>
    <ClCompile Include="..\src\fake86\blaster.c">
      <Filter>Source Files</Filter>
    </ClCompile>
    <ClCompile Include="..\src\fake86\console.c">
      <Filter>Source Files</Filter>
    </ClCompile>
    <ClCompile Include="..\src\fake86\cpu.c">
      <Filter>Source Files</Filter>
    </ClCompile>
    <ClCompile Include="..\src\fake86\disk.c">
      <Filter>Source Files</Filter>
    </ClCompile>
    <ClCompile Include="..\src\fake86\i8237.c">
      <Filter>Source Files</Filter>
    </ClCompile>
    <ClCompile Include="..\src\fake86\i8253.c">
      <Filter>Source Files</Filter>
    </ClCompile>
    <ClCompile Include="..\src\fake86\i8259.c">
      <Filter>Source Files</Filter>
    </ClCompile>
    <ClCompile Include="..\src\fake86\input.c">
      <Filter>Source Files</Filter>
    </ClCompile>
    <ClCompile Include="..\src\fake86\main.c">
      <Filter>Source Files</Filter>
    </ClCompile>
    <ClCompile Include="..\src\fake86\netcard.c">
      <Filter>Source Files</Filter>
    </ClCompile>
    <ClCompile Include="..\src\fake86\packet.c">
      <Filter>Source Files</Filter>
    </ClCompile>
    <ClCompile Include="..\src\fake86\parsecl.c">
      <Filter>Source Files</Filter>
    </ClCompile>
    <ClCompile Include="..\src\fake86\ports.c">
      <Filter>Source Files</Filter>
    </ClCompile>
    <ClCompile Include="..\src\fake86\render.c">
      <Filter>Source Files</Filter>
    </ClCompile>
    <ClCompile Include="..\src\fake86\sermouse.c">
      <Filter>Source Files</Filter>
    </ClCompile>
    <ClCompile Include="..\src\fake86\sndsource.c">
      <Filter>Source Files</Filter>
    </ClCompile>
    <ClCompile Include="..\src\fake86\speaker.c">
      <Filter>Source Files</Filter>
    </ClCompile>
    <ClCompile Include="..\src\fake86\timing.c">
      <Filter>Source Files</Filter>
    </ClCompile>
  </ItemGroup>
  <ItemGroup>
    <ClInclude Include="..\src\fake86\audio.h">
      <Filter>Header Files</Filter>
    </ClInclude>
    <ClInclude Include="..\src\fake86\blaster.h">
      <Filter>Header Files</Filter>
    </ClInclude>
    <ClInclude Include="..\src\fake86\config.h">
      <Filter>Header Files</Filter>
    </ClInclude>
    <ClInclude Include="..\src\fake86\cpu.h">
      <Filter>Header Files</Filter>
    </ClInclude>
    <ClInclude Include="..\src\fake86\disk.h">
      <Filter>Header Files</Filter>
    </ClInclude>
    <ClInclude Include="..\src\fake86\i8237.h">
      <Filter>Header Files</Filter>
    </ClInclude>
    <ClInclude Include="..\src\fake86\i8253.h">
      <Filter>Header Files</Filter>
    </ClInclude>
    <ClInclude Include="..\src\fake86\i8259.h">
      <Filter>Header Files</Filter>
    </ClInclude>
    <ClInclude Include="..\src\fake86\mutex.h">
      <Filter>Header Files</Filter>
    </ClInclude>
    <ClInclude Include="..\src\fake86\sermouse.h">
      <Filter>Header Files</Filter>
    </ClInclude>
  </ItemGroup>
</Project>